
Microsoft Visual Studio Solution File, Format Version 12.00
# Visual Studio Version 16
VisualStudioVersion = 16.0.31410.357
MinimumVisualStudioVersion = 10.0.40219.1
Project("{8BC9CEB8-8B4A-11D0-8D11-00A0C91BC942}") = "LightMap", "LightMap.vcxproj", "{48FBEF51-1995-4F32-B23E-6051C5C38795}"
EndProject
Global
	GlobalSection(SolutionConfigurationPlatforms) = preSolution
		Debug|x64 = Debug|x64
		Debug|x86 = Debug|x86
		Release|x64 = Release|x64
		Release|x86 = Release|x86
	EndGlobalSection
	GlobalSection(ProjectConfigurationPlatforms) = postSolution
		{48FBEF51-1995-4F32-B23E-6051C5C38795}.Debug|x64.ActiveCfg = Debug|x64
		{48FBEF51-1995-4F32-B23E-6051C5C38795}.Debug|x64.Build.0 = Debug|x64
		{48FBEF51-1995-4F32-B23E-6051C5C38795}.Debug|x86.ActiveCfg = Debug|Win32
		{48FBEF51-1995-4F32-B23E-6051C5C38795}.Debug|x86.Build.0 = Debug|Win32
		{48FBEF51-1995-4F32-B23E-6051C5C38795}.Release|x64.ActiveCfg = Release|x64
		{48FBEF51-1995-4F32-B23E-6051C5C38795}.Release|x64.Build.0 = Release|x64
		{48FBEF51-1995-4F32-B23E-6051C5C38795}.Release|x86.ActiveCfg = Release|Win32
		{48FBEF51-1995-4F32-B23E-6051C5C38795}.Release|x86.Build.0 = Release|Win32
	EndGlobalSection
	GlobalSection(SolutionProperties) = preSolution
		HideSolutionNode = FALSE
	EndGlobalSection
	GlobalSection(ExtensibilityGlobals) = postSolution
		SolutionGuid = {F8B529BB-90D4-4CE9-B1AF-D96E9A1C287E}
	EndGlobalSection
EndGlobal
